
Microsoft Visual Studio Solution File, Format Version 12.00
# Visual Studio Version 17
VisualStudioVersion = 17.6.33829.357
MinimumVisualStudioVersion = 10.0.40219.1
Project("{FAE04EC0-301F-11D3-BF4B-00C04F79EFBC}") = "MVC.Todo.JsPeanut", "MVC.Todo.JsPeanut\MVC.Todo.JsPeanut.csproj", "{76A3A78F-42C8-4266-B0C1-5DEB3E1CB7A3}"
EndProject
Global
	GlobalSection(SolutionConfigurationPlatforms) = preSolution
		Debug|Any CPU = Debug|Any CPU
		Release|Any CPU = Release|Any CPU
	EndGlobalSection
	GlobalSection(ProjectConfigurationPlatforms) = postSolution
		{76A3A78F-42C8-4266-B0C1-5DEB3E1CB7A3}.Debug|Any CPU.ActiveCfg = Debug|Any CPU
		{76A3A78F-42C8-4266-B0C1-5DEB3E1CB7A3}.Debug|Any CPU.Build.0 = Debug|Any CPU
		{76A3A78F-42C8-4266-B0C1-5DEB3E1CB7A3}.Release|Any CPU.ActiveCfg = Release|Any CPU
		{76A3A78F-42C8-4266-B0C1-5DEB3E1CB7A3}.Release|Any CPU.Build.0 = Release|Any CPU
	EndGlobalSection
	GlobalSection(SolutionProperties) = preSolution
		HideSolutionNode = FALSE
	EndGlobalSection
	GlobalSection(ExtensibilityGlobals) = postSolution
		SolutionGuid = {096206AD-636F-4817-B3CA-5F678A4E8020}
	EndGlobalSection
EndGlobal
