
Microsoft Visual Studio Solution File, Format Version 12.00
# Visual Studio Version 17
VisualStudioVersion = 17.8.34525.116
MinimumVisualStudioVersion = 10.0.40219.1
Project("{FAE04EC0-301F-11D3-BF4B-00C04F79EFBC}") = "MVCApp", "MVCApp\MVCApp.csproj", "{58AF5C08-BB67-4EDE-B00A-73FB2A5F295C}"
EndProject
Global
	GlobalSection(SolutionConfigurationPlatforms) = preSolution
		Debug|Any CPU = Debug|Any CPU
		Release|Any CPU = Release|Any CPU
	EndGlobalSection
	GlobalSection(ProjectConfigurationPlatforms) = postSolution
		{58AF5C08-BB67-4EDE-B00A-73FB2A5F295C}.Debug|Any CPU.ActiveCfg = Debug|Any CPU
		{58AF5C08-BB67-4EDE-B00A-73FB2A5F295C}.Debug|Any CPU.Build.0 = Debug|Any CPU
		{58AF5C08-BB67-4EDE-B00A-73FB2A5F295C}.Release|Any CPU.ActiveCfg = Release|Any CPU
		{58AF5C08-BB67-4EDE-B00A-73FB2A5F295C}.Release|Any CPU.Build.0 = Release|Any CPU
	EndGlobalSection
	GlobalSection(SolutionProperties) = preSolution
		HideSolutionNode = FALSE
	EndGlobalSection
	GlobalSection(ExtensibilityGlobals) = postSolution
		SolutionGuid = {2FC5AE5A-F65C-4892-9A92-D47BFB084B1A}
	EndGlobalSection
EndGlobal
