
Microsoft Visual Studio Solution File, Format Version 12.00
Project("{FAE04EC0-301F-11D3-BF4B-00C04F79EFBC}") = "Todo.wkktoria", "Todo.wkktoria\Todo.wkktoria.csproj", "{B4F04D58-C1E7-4D0F-84DE-FBC1A2DB859A}"
EndProject
Global
	GlobalSection(SolutionConfigurationPlatforms) = preSolution
		Debug|Any CPU = Debug|Any CPU
		Release|Any CPU = Release|Any CPU
	EndGlobalSection
	GlobalSection(ProjectConfigurationPlatforms) = postSolution
		{B4F04D58-C1E7-4D0F-84DE-FBC1A2DB859A}.Debug|Any CPU.ActiveCfg = Debug|Any CPU
		{B4F04D58-C1E7-4D0F-84DE-FBC1A2DB859A}.Debug|Any CPU.Build.0 = Debug|Any CPU
		{B4F04D58-C1E7-4D0F-84DE-FBC1A2DB859A}.Release|Any CPU.ActiveCfg = Release|Any CPU
		{B4F04D58-C1E7-4D0F-84DE-FBC1A2DB859A}.Release|Any CPU.Build.0 = Release|Any CPU
	EndGlobalSection
EndGlobal
