
Microsoft Visual Studio Solution File, Format Version 12.00
Project("{FAE04EC0-301F-11D3-BF4B-00C04F79EFBC}") = "ToDo.StevieTV", "ToDo.StevieTV\ToDo.StevieTV.csproj", "{FB9958E5-02D0-49EE-85E8-6CCC5779C1E8}"
EndProject
Global
	GlobalSection(SolutionConfigurationPlatforms) = preSolution
		Debug|Any CPU = Debug|Any CPU
		Release|Any CPU = Release|Any CPU
	EndGlobalSection
	GlobalSection(ProjectConfigurationPlatforms) = postSolution
		{FB9958E5-02D0-49EE-85E8-6CCC5779C1E8}.Debug|Any CPU.ActiveCfg = Debug|Any CPU
		{FB9958E5-02D0-49EE-85E8-6CCC5779C1E8}.Debug|Any CPU.Build.0 = Debug|Any CPU
		{FB9958E5-02D0-49EE-85E8-6CCC5779C1E8}.Release|Any CPU.ActiveCfg = Release|Any CPU
		{FB9958E5-02D0-49EE-85E8-6CCC5779C1E8}.Release|Any CPU.Build.0 = Release|Any CPU
	EndGlobalSection
EndGlobal
