
Microsoft Visual Studio Solution File, Format Version 12.00
# Visual Studio Version 17
VisualStudioVersion = 17.10.35122.118
MinimumVisualStudioVersion = 10.0.40219.1
Project("{2150E333-8FDC-42A3-9474-1A3956D46DE8}") = "Solution Items", "Solution Items", "{DB722DE4-7178-441A-A8CD-32739EAA97EE}"
	ProjectSection(SolutionItems) = preProject
		.editorconfig = .editorconfig
		.gitignore = .gitignore
		LICENSE = LICENSE
		README.md = README.md
	EndProjectSection
EndProject
Project("{2150E333-8FDC-42A3-9474-1A3956D46DE8}") = "src", "src", "{01D5097A-EB6C-430D-BA55-360386777760}"
EndProject
Project("{FAE04EC0-301F-11D3-BF4B-00C04F79EFBC}") = "ToDoList.Web", "src\ToDoList.Web\ToDoList.Web.csproj", "{B0658667-F508-4068-9D88-9EBD8CFA04DC}"
EndProject
Global
	GlobalSection(SolutionConfigurationPlatforms) = preSolution
		Debug|Any CPU = Debug|Any CPU
		Release|Any CPU = Release|Any CPU
	EndGlobalSection
	GlobalSection(ProjectConfigurationPlatforms) = postSolution
		{B0658667-F508-4068-9D88-9EBD8CFA04DC}.Debug|Any CPU.ActiveCfg = Debug|Any CPU
		{B0658667-F508-4068-9D88-9EBD8CFA04DC}.Debug|Any CPU.Build.0 = Debug|Any CPU
		{B0658667-F508-4068-9D88-9EBD8CFA04DC}.Release|Any CPU.ActiveCfg = Release|Any CPU
		{B0658667-F508-4068-9D88-9EBD8CFA04DC}.Release|Any CPU.Build.0 = Release|Any CPU
	EndGlobalSection
	GlobalSection(SolutionProperties) = preSolution
		HideSolutionNode = FALSE
	EndGlobalSection
	GlobalSection(NestedProjects) = preSolution
		{B0658667-F508-4068-9D88-9EBD8CFA04DC} = {01D5097A-EB6C-430D-BA55-360386777760}
	EndGlobalSection
	GlobalSection(ExtensibilityGlobals) = postSolution
		SolutionGuid = {275FBBDB-0D6A-4F42-B396-AAD117A70572}
	EndGlobalSection
EndGlobal
